
Microsoft Visual Studio Solution File, Format Version 12.00
# Visual Studio Version 17
VisualStudioVersion = 17.14.37012.4 d17.14
MinimumVisualStudioVersion = 10.0.40219.1
Project("{FAE04EC0-301F-11D3-BF4B-00C04F79EFBC}") = "SlayTheSpire2.LAN.Multiplayer", "SlayTheSpire2.LAN.Multiplayer\SlayTheSpire2.LAN.Multiplayer.csproj", "{DB049083-5AF5-41F5-88CF-675EFAEF2CFA}"
EndProject
Global
	GlobalSection(SolutionConfigurationPlatforms) = preSolution
		Debug|Any CPU = Debug|Any CPU
		Release|Any CPU = Release|Any CPU
	EndGlobalSection
	GlobalSection(ProjectConfigurationPlatforms) = postSolution
		{DB049083-5AF5-41F5-88CF-675EFAEF2CFA}.Debug|Any CPU.ActiveCfg = Debug|Any CPU
		{DB049083-5AF5-41F5-88CF-675EFAEF2CFA}.Debug|Any CPU.Build.0 = Debug|Any CPU
		{DB049083-5AF5-41F5-88CF-675EFAEF2CFA}.Release|Any CPU.ActiveCfg = Release|Any CPU
		{DB049083-5AF5-41F5-88CF-675EFAEF2CFA}.Release|Any CPU.Build.0 = Release|Any CPU
	EndGlobalSection
	GlobalSection(SolutionProperties) = preSolution
		HideSolutionNode = FALSE
	EndGlobalSection
	GlobalSection(ExtensibilityGlobals) = postSolution
		SolutionGuid = {4322F071-D1DF-4EB3-85D3-73452CAE94E1}
	EndGlobalSection
EndGlobal
